<?xml version="1.0" encoding="utf-8"?>
<Project ToolsVersion="4.0" xmlns="http://schemas.microsoft.com/developer/msbuild/2003">
  <ItemGroup>
    <Filter Include="源文件">
      <UniqueIdentifier>{4FC737F1-C7A5-4376-A066-2A32D752A2FF}</UniqueIdentifier>
      <Extensions>cpp;c;cc;cxx;def;odl;idl;hpj;bat;asm;asmx</Extensions>
    </Filter>
    <Filter Include="头文件">
      <UniqueIdentifier>{93995380-89BD-4b04-88EB-625FBE52EBFB}</UniqueIdentifier>
      <Extensions>h;hpp;hxx;hm;inl;inc;xsd</Extensions>
    </Filter>
    <Filter Include="资源文件">
      <UniqueIdentifier>{67DA6AB6-F800-4c08-8B7A-83BB121AAD01}</UniqueIdentifier>
      <Extensions>rc;ico;cur;bmp;dlg;rc2;rct;bin;rgs;gif;jpg;jpeg;jpe;resx;tiff;tif;png;wav;mfcribbon-ms</Extensions>
    </Filter>
    <Filter Include="ucos">
      <UniqueIdentifier>{c062cd89-609f-4acb-9f43-c605974f7b42}</UniqueIdentifier>
    </Filter>
    <Filter Include="ucos\source">
      <UniqueIdentifier>{7645d119-c79f-4f49-a59a-e11d43834b4b}</UniqueIdentifier>
    </Filter>
    <Filter Include="ucos\cpu">
      <UniqueIdentifier>{0fa1f14a-cf23-4662-b710-f3087e14a072}</UniqueIdentifier>
    </Filter>
    <Filter Include="ucos\app">
      <UniqueIdentifier>{27641c4f-55ad-4860-9631-d32e4501b69c}</UniqueIdentifier>
    </Filter>
    <Filter Include="ucos\lib">
      <UniqueIdentifier>{c252ba5e-bd56-4f11-856a-6c6cfd8f1182}</UniqueIdentifier>
    </Filter>
    <Filter Include="ucos\ports">
      <UniqueIdentifier>{76b0c318-f46c-494e-b38d-2175f2724dcb}</UniqueIdentifier>
    </Filter>
    <Filter Include="ucos\BSP">
      <UniqueIdentifier>{3cdae5cb-7b29-47bf-84d0-0e773035f3c0}</UniqueIdentifier>
    </Filter>
    <Filter Include="lwip">
      <UniqueIdentifier>{3295e269-be77-4788-b969-c111e45a77df}</UniqueIdentifier>
    </Filter>
    <Filter Include="lwip\netif">
      <UniqueIdentifier>{705c731c-8f56-4e8f-94d0-7dd3a61dd28f}</UniqueIdentifier>
    </Filter>
    <Filter Include="lwip\netif\PPP">
      <UniqueIdentifier>{a87735fd-d957-4263-b1c1-06642c77342d}</UniqueIdentifier>
    </Filter>
    <Filter Include="lwip\core">
      <UniqueIdentifier>{bdb1433b-9ffd-4160-9074-a4f16b32a1bd}</UniqueIdentifier>
    </Filter>
    <Filter Include="lwip\core\ipv4">
      <UniqueIdentifier>{4a14ee8e-efd8-428e-8e60-8382a5307a74}</UniqueIdentifier>
    </Filter>
    <Filter Include="lwip\core\snmp">
      <UniqueIdentifier>{0c43632b-b6fc-4f8e-8f9e-23d5b153f00f}</UniqueIdentifier>
    </Filter>
    <Filter Include="lwip\api">
      <UniqueIdentifier>{7f365d08-c864-4e13-8137-6b1a48b5bb68}</UniqueIdentifier>
    </Filter>
    <Filter Include="lwip\win32">
      <UniqueIdentifier>{361b1b9e-96d7-41c3-8fda-294055ad17d5}</UniqueIdentifier>
    </Filter>
    <Filter Include="lwip\pcap">
      <UniqueIdentifier>{a17e38d5-43b1-4caf-b25c-57ce86bc9239}</UniqueIdentifier>
    </Filter>
    <Filter Include="public">
      <UniqueIdentifier>{5f68fdab-1881-4d33-a284-a609daed8d8f}</UniqueIdentifier>
    </Filter>
    <Filter Include="ucos\app\MyLwipApp">
      <UniqueIdentifier>{a9dfeb39-2a12-45a9-a163-b234c7ce227a}</UniqueIdentifier>
    </Filter>
    <Filter Include="ucos\app\MyLwipApp\udpRaw">
      <UniqueIdentifier>{a314d1b7-4e38-4b83-a5ef-7ed5636327e5}</UniqueIdentifier>
    </Filter>
    <Filter Include="ucos\app\MyLwipApp\tcpRawTest">
      <UniqueIdentifier>{d22ab4a5-f2e4-4bf8-9ac0-d0e54fa3a800}</UniqueIdentifier>
    </Filter>
  </ItemGroup>
  <ItemGroup>
    <ClInclude Include="Source\os.h">
      <Filter>ucos\source</Filter>
    </ClInclude>
    <ClInclude Include="Source\os_type.h">
      <Filter>ucos\source</Filter>
    </ClInclude>
    <ClInclude Include="uC-CPU\cpu.h">
      <Filter>ucos\cpu</Filter>
    </ClInclude>
    <ClInclude Include="uC-CPU\cpu_cache.h">
      <Filter>ucos\cpu</Filter>
    </ClInclude>
    <ClInclude Include="uC-CPU\cpu_core.h">
      <Filter>ucos\cpu</Filter>
    </ClInclude>
    <ClInclude Include="uC-CPU\cpu_def.h">
      <Filter>ucos\cpu</Filter>
    </ClInclude>
    <ClInclude Include="app\app_cfg.h">
      <Filter>ucos\app</Filter>
    </ClInclude>
    <ClInclude Include="app\cpu_cfg.h">
      <Filter>ucos\app</Filter>
    </ClInclude>
    <ClInclude Include="app\includes.h">
      <Filter>ucos\app</Filter>
    </ClInclude>
    <ClInclude Include="app\lib_cfg.h">
      <Filter>ucos\app</Filter>
    </ClInclude>
    <ClInclude Include="app\os_app_hooks.h">
      <Filter>ucos\app</Filter>
    </ClInclude>
    <ClInclude Include="app\os_cfg.h">
      <Filter>ucos\app</Filter>
    </ClInclude>
    <ClInclude Include="app\os_cfg_app.h">
      <Filter>ucos\app</Filter>
    </ClInclude>
    <ClInclude Include="uC-LIB\lib_ascii.h">
      <Filter>ucos\lib</Filter>
    </ClInclude>
    <ClInclude Include="uC-LIB\lib_def.h">
      <Filter>ucos\lib</Filter>
    </ClInclude>
    <ClInclude Include="uC-LIB\lib_math.h">
      <Filter>ucos\lib</Filter>
    </ClInclude>
    <ClInclude Include="uC-LIB\lib_mem.h">
      <Filter>ucos\lib</Filter>
    </ClInclude>
    <ClInclude Include="uC-LIB\lib_str.h">
      <Filter>ucos\lib</Filter>
    </ClInclude>
    <ClInclude Include="PORTS\os_cpu.h">
      <Filter>ucos\ports</Filter>
    </ClInclude>
    <ClInclude Include="BSP\bsp.h">
      <Filter>ucos\BSP</Filter>
    </ClInclude>
    <ClInclude Include="LWIP\netif\ppp\auth.h">
      <Filter>lwip\netif\PPP</Filter>
    </ClInclude>
    <ClInclude Include="LWIP\netif\ppp\chap.h">
      <Filter>lwip\netif\PPP</Filter>
    </ClInclude>
    <ClInclude Include="LWIP\netif\ppp\chpms.h">
      <Filter>lwip\netif\PPP</Filter>
    </ClInclude>
    <ClInclude Include="LWIP\netif\ppp\fsm.h">
      <Filter>lwip\netif\PPP</Filter>
    </ClInclude>
    <ClInclude Include="LWIP\netif\ppp\ipcp.h">
      <Filter>lwip\netif\PPP</Filter>
    </ClInclude>
    <ClInclude Include="LWIP\netif\ppp\lcp.h">
      <Filter>lwip\netif\PPP</Filter>
    </ClInclude>
    <ClInclude Include="LWIP\netif\ppp\magic.h">
      <Filter>lwip\netif\PPP</Filter>
    </ClInclude>
    <ClInclude Include="LWIP\netif\ppp\md5.h">
      <Filter>lwip\netif\PPP</Filter>
    </ClInclude>
    <ClInclude Include="LWIP\netif\ppp\pap.h">
      <Filter>lwip\netif\PPP</Filter>
    </ClInclude>
    <ClInclude Include="LWIP\netif\ppp\ppp.h">
      <Filter>lwip\netif\PPP</Filter>
    </ClInclude>
    <ClInclude Include="LWIP\netif\ppp\ppp_impl.h">
      <Filter>lwip\netif\PPP</Filter>
    </ClInclude>
    <ClInclude Include="LWIP\netif\ppp\pppdebug.h">
      <Filter>lwip\netif\PPP</Filter>
    </ClInclude>
    <ClInclude Include="LWIP\netif\ppp\randm.h">
      <Filter>lwip\netif\PPP</Filter>
    </ClInclude>
    <ClInclude Include="LWIP\netif\ppp\vj.h">
      <Filter>lwip\netif\PPP</Filter>
    </ClInclude>
    <ClInclude Include="LWIP\win32\lwippools.h">
      <Filter>lwip\win32</Filter>
    </ClInclude>
    <ClInclude Include="LWIP\win32\pcapif.h">
      <Filter>lwip\win32</Filter>
    </ClInclude>
    <ClInclude Include="LWIP\win32\pcapif_helper.h">
      <Filter>lwip\win32</Filter>
    </ClInclude>
    <ClInclude Include="LWIP\win32\lwipcfg_msvc.h">
      <Filter>lwip\win32</Filter>
    </ClInclude>
    <ClInclude Include="app\ping.h">
      <Filter>ucos\app</Filter>
    </ClInclude>
    <ClInclude Include="unistd.h">
      <Filter>public</Filter>
    </ClInclude>
    <ClInclude Include="app\app_util.h">
      <Filter>ucos\app</Filter>
    </ClInclude>
    <ClInclude Include="echo.h">
      <Filter>ucos\app</Filter>
    </ClInclude>
    <ClInclude Include="udpRawTest.h">
      <Filter>ucos\app\MyLwipApp\udpRaw</Filter>
    </ClInclude>
  </ItemGroup>
  <ItemGroup>
    <ClCompile Include="Source\os_cfg_app.c">
      <Filter>ucos\source</Filter>
    </ClCompile>
    <ClCompile Include="Source\os_core.c">
      <Filter>ucos\source</Filter>
    </ClCompile>
    <ClCompile Include="Source\os_dbg.c">
      <Filter>ucos\source</Filter>
    </ClCompile>
    <ClCompile Include="Source\os_flag.c">
      <Filter>ucos\source</Filter>
    </ClCompile>
    <ClCompile Include="Source\os_int.c">
      <Filter>ucos\source</Filter>
    </ClCompile>
    <ClCompile Include="Source\os_mem.c">
      <Filter>ucos\source</Filter>
    </ClCompile>
    <ClCompile Include="Source\os_msg.c">
      <Filter>ucos\source</Filter>
    </ClCompile>
    <ClCompile Include="Source\os_mutex.c">
      <Filter>ucos\source</Filter>
    </ClCompile>
    <ClCompile Include="Source\os_pend_multi.c">
      <Filter>ucos\source</Filter>
    </ClCompile>
    <ClCompile Include="Source\os_prio.c">
      <Filter>ucos\source</Filter>
    </ClCompile>
    <ClCompile Include="Source\os_q.c">
      <Filter>ucos\source</Filter>
    </ClCompile>
    <ClCompile Include="Source\os_sem.c">
      <Filter>ucos\source</Filter>
    </ClCompile>
    <ClCompile Include="Source\os_stat.c">
      <Filter>ucos\source</Filter>
    </ClCompile>
    <ClCompile Include="Source\os_task.c">
      <Filter>ucos\source</Filter>
    </ClCompile>
    <ClCompile Include="Source\os_tick.c">
      <Filter>ucos\source</Filter>
    </ClCompile>
    <ClCompile Include="Source\os_time.c">
      <Filter>ucos\source</Filter>
    </ClCompile>
    <ClCompile Include="Source\os_tmr.c">
      <Filter>ucos\source</Filter>
    </ClCompile>
    <ClCompile Include="Source\os_var.c">
      <Filter>ucos\source</Filter>
    </ClCompile>
    <ClCompile Include="uC-CPU\cpu_c.c">
      <Filter>ucos\cpu</Filter>
    </ClCompile>
    <ClCompile Include="uC-CPU\cpu_core.c">
      <Filter>ucos\cpu</Filter>
    </ClCompile>
    <ClCompile Include="app\app.c">
      <Filter>ucos\app</Filter>
    </ClCompile>
    <ClCompile Include="app\os_app_hooks.c">
      <Filter>ucos\app</Filter>
    </ClCompile>
    <ClCompile Include="uC-LIB\lib_ascii.c">
      <Filter>ucos\lib</Filter>
    </ClCompile>
    <ClCompile Include="uC-LIB\lib_math.c">
      <Filter>ucos\lib</Filter>
    </ClCompile>
    <ClCompile Include="uC-LIB\lib_mem.c">
      <Filter>ucos\lib</Filter>
    </ClCompile>
    <ClCompile Include="uC-LIB\lib_str.c">
      <Filter>ucos\lib</Filter>
    </ClCompile>
    <ClCompile Include="PORTS\os_cpu_c.c">
      <Filter>ucos\ports</Filter>
    </ClCompile>
    <ClCompile Include="BSP\bsp.c">
      <Filter>ucos\BSP</Filter>
    </ClCompile>
    <ClCompile Include="BSP\CPU\cpu_bsp.c">
      <Filter>ucos\BSP</Filter>
    </ClCompile>
    <ClCompile Include="LWIP\netif\etharp.c">
      <Filter>lwip\netif</Filter>
    </ClCompile>
    <ClCompile Include="LWIP\netif\ethernetif.c">
      <Filter>lwip\netif</Filter>
    </ClCompile>
    <ClCompile Include="LWIP\netif\slipif.c">
      <Filter>lwip\netif</Filter>
    </ClCompile>
    <ClCompile Include="LWIP\netif\ppp\auth.c">
      <Filter>lwip\netif\PPP</Filter>
    </ClCompile>
    <ClCompile Include="LWIP\netif\ppp\chap.c">
      <Filter>lwip\netif\PPP</Filter>
    </ClCompile>
    <ClCompile Include="LWIP\netif\ppp\chpms.c">
      <Filter>lwip\netif\PPP</Filter>
    </ClCompile>
    <ClCompile Include="LWIP\netif\ppp\fsm.c">
      <Filter>lwip\netif\PPP</Filter>
    </ClCompile>
    <ClCompile Include="LWIP\netif\ppp\ipcp.c">
      <Filter>lwip\netif\PPP</Filter>
    </ClCompile>
    <ClCompile Include="LWIP\netif\ppp\lcp.c">
      <Filter>lwip\netif\PPP</Filter>
    </ClCompile>
    <ClCompile Include="LWIP\netif\ppp\magic.c">
      <Filter>lwip\netif\PPP</Filter>
    </ClCompile>
    <ClCompile Include="LWIP\netif\ppp\md5.c">
      <Filter>lwip\netif\PPP</Filter>
    </ClCompile>
    <ClCompile Include="LWIP\netif\ppp\pap.c">
      <Filter>lwip\netif\PPP</Filter>
    </ClCompile>
    <ClCompile Include="LWIP\netif\ppp\ppp.c">
      <Filter>lwip\netif\PPP</Filter>
    </ClCompile>
    <ClCompile Include="LWIP\netif\ppp\ppp_oe.c">
      <Filter>lwip\netif\PPP</Filter>
    </ClCompile>
    <ClCompile Include="LWIP\netif\ppp\randm.c">
      <Filter>lwip\netif\PPP</Filter>
    </ClCompile>
    <ClCompile Include="LWIP\netif\ppp\vj.c">
      <Filter>lwip\netif\PPP</Filter>
    </ClCompile>
    <ClCompile Include="LWIP\core\def.c">
      <Filter>lwip\core</Filter>
    </ClCompile>
    <ClCompile Include="LWIP\core\dhcp.c">
      <Filter>lwip\core</Filter>
    </ClCompile>
    <ClCompile Include="LWIP\core\dns.c">
      <Filter>lwip\core</Filter>
    </ClCompile>
    <ClCompile Include="LWIP\core\init.c">
      <Filter>lwip\core</Filter>
    </ClCompile>
    <ClCompile Include="LWIP\core\mem.c">
      <Filter>lwip\core</Filter>
    </ClCompile>
    <ClCompile Include="LWIP\core\memp.c">
      <Filter>lwip\core</Filter>
    </ClCompile>
    <ClCompile Include="LWIP\core\netif.c">
      <Filter>lwip\core</Filter>
    </ClCompile>
    <ClCompile Include="LWIP\core\pbuf.c">
      <Filter>lwip\core</Filter>
    </ClCompile>
    <ClCompile Include="LWIP\core\raw.c">
      <Filter>lwip\core</Filter>
    </ClCompile>
    <ClCompile Include="LWIP\core\stats.c">
      <Filter>lwip\core</Filter>
    </ClCompile>
    <ClCompile Include="LWIP\core\sys.c">
      <Filter>lwip\core</Filter>
    </ClCompile>
    <ClCompile Include="LWIP\core\tcp.c">
      <Filter>lwip\core</Filter>
    </ClCompile>
    <ClCompile Include="LWIP\core\tcp_in.c">
      <Filter>lwip\core</Filter>
    </ClCompile>
    <ClCompile Include="LWIP\core\tcp_out.c">
      <Filter>lwip\core</Filter>
    </ClCompile>
    <ClCompile Include="LWIP\core\timers.c">
      <Filter>lwip\core</Filter>
    </ClCompile>
    <ClCompile Include="LWIP\core\udp.c">
      <Filter>lwip\core</Filter>
    </ClCompile>
    <ClCompile Include="LWIP\core\ipv4\autoip.c">
      <Filter>lwip\core\ipv4</Filter>
    </ClCompile>
    <ClCompile Include="LWIP\core\ipv4\icmp.c">
      <Filter>lwip\core\ipv4</Filter>
    </ClCompile>
    <ClCompile Include="LWIP\core\ipv4\igmp.c">
      <Filter>lwip\core\ipv4</Filter>
    </ClCompile>
    <ClCompile Include="LWIP\core\ipv4\inet.c">
      <Filter>lwip\core\ipv4</Filter>
    </ClCompile>
    <ClCompile Include="LWIP\core\ipv4\inet_chksum.c">
      <Filter>lwip\core\ipv4</Filter>
    </ClCompile>
    <ClCompile Include="LWIP\core\ipv4\ip.c">
      <Filter>lwip\core\ipv4</Filter>
    </ClCompile>
    <ClCompile Include="LWIP\core\ipv4\ip_addr.c">
      <Filter>lwip\core\ipv4</Filter>
    </ClCompile>
    <ClCompile Include="LWIP\core\ipv4\ip_frag.c">
      <Filter>lwip\core\ipv4</Filter>
    </ClCompile>
    <ClCompile Include="LWIP\core\snmp\asn1_dec.c">
      <Filter>lwip\core\snmp</Filter>
    </ClCompile>
    <ClCompile Include="LWIP\core\snmp\asn1_enc.c">
      <Filter>lwip\core\snmp</Filter>
    </ClCompile>
    <ClCompile Include="LWIP\core\snmp\mib_structs.c">
      <Filter>lwip\core\snmp</Filter>
    </ClCompile>
    <ClCompile Include="LWIP\core\snmp\mib2.c">
      <Filter>lwip\core\snmp</Filter>
    </ClCompile>
    <ClCompile Include="LWIP\core\snmp\msg_in.c">
      <Filter>lwip\core\snmp</Filter>
    </ClCompile>
    <ClCompile Include="LWIP\core\snmp\msg_out.c">
      <Filter>lwip\core\snmp</Filter>
    </ClCompile>
    <ClCompile Include="LWIP\api\api_lib.c">
      <Filter>lwip\api</Filter>
    </ClCompile>
    <ClCompile Include="LWIP\api\api_msg.c">
      <Filter>lwip\api</Filter>
    </ClCompile>
    <ClCompile Include="LWIP\api\err.c">
      <Filter>lwip\api</Filter>
    </ClCompile>
    <ClCompile Include="LWIP\api\netbuf.c">
      <Filter>lwip\api</Filter>
    </ClCompile>
    <ClCompile Include="LWIP\api\netdb.c">
      <Filter>lwip\api</Filter>
    </ClCompile>
    <ClCompile Include="LWIP\api\netifapi.c">
      <Filter>lwip\api</Filter>
    </ClCompile>
    <ClCompile Include="LWIP\api\sockets.c">
      <Filter>lwip\api</Filter>
    </ClCompile>
    <ClCompile Include="LWIP\api\tcpip.c">
      <Filter>lwip\api</Filter>
    </ClCompile>
    <ClCompile Include="LWIP\win32\pcapif.c">
      <Filter>lwip\win32</Filter>
    </ClCompile>
    <ClCompile Include="LWIP\win32\pcapif_helper.c">
      <Filter>lwip\win32</Filter>
    </ClCompile>
    <ClCompile Include="LWIP\win32\sio.c">
      <Filter>lwip\win32</Filter>
    </ClCompile>
    <ClCompile Include="LWIP\win32\sys_arch.c">
      <Filter>lwip\win32</Filter>
    </ClCompile>
    <ClCompile Include="app\ping.c">
      <Filter>ucos\app</Filter>
    </ClCompile>
    <ClCompile Include="app\app_util.c">
      <Filter>ucos\app</Filter>
    </ClCompile>
    <ClCompile Include="lwipTest3.c">
      <Filter>ucos\app</Filter>
    </ClCompile>
    <ClCompile Include="echo.c">
      <Filter>ucos\app</Filter>
    </ClCompile>
    <ClCompile Include="my_tcp_server.c">
      <Filter>ucos\app\MyLwipApp</Filter>
    </ClCompile>
    <ClCompile Include="udpRawTest.c">
      <Filter>ucos\app\MyLwipApp\udpRaw</Filter>
    </ClCompile>
    <ClCompile Include="tcpRaw.c">
      <Filter>ucos\app\MyLwipApp\tcpRawTest</Filter>
    </ClCompile>
    <ClCompile Include="udpNetcomm.c">
      <Filter>ucos\app\MyLwipApp</Filter>
    </ClCompile>
    <ClCompile Include="tcpNetConnTest.c">
      <Filter>ucos\app\MyLwipApp</Filter>
    </ClCompile>
  </ItemGroup>
  <ItemGroup>
    <None Include="LWIP\netif\FILES">
      <Filter>lwip\netif</Filter>
    </None>
  </ItemGroup>
</Project>